
Microsoft Visual Studio Solution File, Format Version 12.00
Project("{FAE04EC0-301F-11D3-BF4B-00C04F79EFBC}") = "Entities", "OrdersService\Entities\Entities.csproj", "{66CA7606-DFF3-4AF2-8F6B-ADBD49EB1726}"
EndProject
Project("{FAE04EC0-301F-11D3-BF4B-00C04F79EFBC}") = "UseCases", "OrdersService\UseCases\UseCases.csproj", "{20C241CF-DEB0-4515-84DD-DF9A56C3AF62}"
EndProject
Project("{FAE04EC0-301F-11D3-BF4B-00C04F79EFBC}") = "Infrastructure", "OrdersService\Infrastructure\Infrastructure.csproj", "{ECADA4DC-F3FF-4301-BC22-4C913D0DB682}"
EndProject
Project("{FAE04EC0-301F-11D3-BF4B-00C04F79EFBC}") = "Presentation", "OrdersService\Presentation\Presentation.csproj", "{BC4E6EA2-1FE7-43DA-BD8D-5F287802D5B2}"
EndProject
Project("{FAE04EC0-301F-11D3-BF4B-00C04F79EFBC}") = "Api", "OrdersService\Api\Api.csproj", "{E95F29EA-3E6B-47D6-8326-0855C0A7A4B2}"
EndProject
Project("{FAE04EC0-301F-11D3-BF4B-00C04F79EFBC}") = "Entities", "PaymentService\Entities\Entities.csproj", "{72CEBE92-A55C-41F3-A0F4-DBB2D260D2D0}"
EndProject
Project("{FAE04EC0-301F-11D3-BF4B-00C04F79EFBC}") = "UseCases", "PaymentService\UseCases\UseCases.csproj", "{6D391C34-4617-42E6-B457-9408E0284E81}"
EndProject
Project("{FAE04EC0-301F-11D3-BF4B-00C04F79EFBC}") = "Infrastructure", "PaymentService\Infrastructure\Infrastructure.csproj", "{110684C3-064D-450D-9417-8B89F9478F31}"
EndProject
Project("{FAE04EC0-301F-11D3-BF4B-00C04F79EFBC}") = "Presentation", "PaymentService\Presentation\Presentation.csproj", "{613D5F99-E151-427E-9709-4F70B5745449}"
EndProject
Global
	GlobalSection(SolutionConfigurationPlatforms) = preSolution
		Debug|Any CPU = Debug|Any CPU
		Release|Any CPU = Release|Any CPU
	EndGlobalSection
	GlobalSection(ProjectConfigurationPlatforms) = postSolution
		{66CA7606-DFF3-4AF2-8F6B-ADBD49EB1726}.Debug|Any CPU.ActiveCfg = Debug|Any CPU
		{66CA7606-DFF3-4AF2-8F6B-ADBD49EB1726}.Debug|Any CPU.Build.0 = Debug|Any CPU
		{66CA7606-DFF3-4AF2-8F6B-ADBD49EB1726}.Release|Any CPU.ActiveCfg = Release|Any CPU
		{66CA7606-DFF3-4AF2-8F6B-ADBD49EB1726}.Release|Any CPU.Build.0 = Release|Any CPU
		{20C241CF-DEB0-4515-84DD-DF9A56C3AF62}.Debug|Any CPU.ActiveCfg = Debug|Any CPU
		{20C241CF-DEB0-4515-84DD-DF9A56C3AF62}.Debug|Any CPU.Build.0 = Debug|Any CPU
		{20C241CF-DEB0-4515-84DD-DF9A56C3AF62}.Release|Any CPU.ActiveCfg = Release|Any CPU
		{20C241CF-DEB0-4515-84DD-DF9A56C3AF62}.Release|Any CPU.Build.0 = Release|Any CPU
		{ECADA4DC-F3FF-4301-BC22-4C913D0DB682}.Debug|Any CPU.ActiveCfg = Debug|Any CPU
		{ECADA4DC-F3FF-4301-BC22-4C913D0DB682}.Debug|Any CPU.Build.0 = Debug|Any CPU
		{ECADA4DC-F3FF-4301-BC22-4C913D0DB682}.Release|Any CPU.ActiveCfg = Release|Any CPU
		{ECADA4DC-F3FF-4301-BC22-4C913D0DB682}.Release|Any CPU.Build.0 = Release|Any CPU
		{BC4E6EA2-1FE7-43DA-BD8D-5F287802D5B2}.Debug|Any CPU.ActiveCfg = Debug|Any CPU
		{BC4E6EA2-1FE7-43DA-BD8D-5F287802D5B2}.Debug|Any CPU.Build.0 = Debug|Any CPU
		{BC4E6EA2-1FE7-43DA-BD8D-5F287802D5B2}.Release|Any CPU.ActiveCfg = Release|Any CPU
		{BC4E6EA2-1FE7-43DA-BD8D-5F287802D5B2}.Release|Any CPU.Build.0 = Release|Any CPU
		{E95F29EA-3E6B-47D6-8326-0855C0A7A4B2}.Debug|Any CPU.ActiveCfg = Debug|Any CPU
		{E95F29EA-3E6B-47D6-8326-0855C0A7A4B2}.Debug|Any CPU.Build.0 = Debug|Any CPU
		{E95F29EA-3E6B-47D6-8326-0855C0A7A4B2}.Release|Any CPU.ActiveCfg = Release|Any CPU
		{E95F29EA-3E6B-47D6-8326-0855C0A7A4B2}.Release|Any CPU.Build.0 = Release|Any CPU
		{72CEBE92-A55C-41F3-A0F4-DBB2D260D2D0}.Debug|Any CPU.ActiveCfg = Debug|Any CPU
		{72CEBE92-A55C-41F3-A0F4-DBB2D260D2D0}.Debug|Any CPU.Build.0 = Debug|Any CPU
		{72CEBE92-A55C-41F3-A0F4-DBB2D260D2D0}.Release|Any CPU.ActiveCfg = Release|Any CPU
		{72CEBE92-A55C-41F3-A0F4-DBB2D260D2D0}.Release|Any CPU.Build.0 = Release|Any CPU
		{6D391C34-4617-42E6-B457-9408E0284E81}.Debug|Any CPU.ActiveCfg = Debug|Any CPU
		{6D391C34-4617-42E6-B457-9408E0284E81}.Debug|Any CPU.Build.0 = Debug|Any CPU
		{6D391C34-4617-42E6-B457-9408E0284E81}.Release|Any CPU.ActiveCfg = Release|Any CPU
		{6D391C34-4617-42E6-B457-9408E0284E81}.Release|Any CPU.Build.0 = Release|Any CPU
		{110684C3-064D-450D-9417-8B89F9478F31}.Debug|Any CPU.ActiveCfg = Debug|Any CPU
		{110684C3-064D-450D-9417-8B89F9478F31}.Debug|Any CPU.Build.0 = Debug|Any CPU
		{110684C3-064D-450D-9417-8B89F9478F31}.Release|Any CPU.ActiveCfg = Release|Any CPU
		{110684C3-064D-450D-9417-8B89F9478F31}.Release|Any CPU.Build.0 = Release|Any CPU
		{613D5F99-E151-427E-9709-4F70B5745449}.Debug|Any CPU.ActiveCfg = Debug|Any CPU
		{613D5F99-E151-427E-9709-4F70B5745449}.Debug|Any CPU.Build.0 = Debug|Any CPU
		{613D5F99-E151-427E-9709-4F70B5745449}.Release|Any CPU.ActiveCfg = Release|Any CPU
		{613D5F99-E151-427E-9709-4F70B5745449}.Release|Any CPU.Build.0 = Release|Any CPU
	EndGlobalSection
EndGlobal
